directories:
    modules: .wippy
    src: .
modules:
    - name: wippy/llm
      version: 0.4.7
      hash: 2e55afcf55c441a8e79e3737691e5721d06138b9a3a46c7fb87199db6a5dd426
    - name: wippy/terminal
      version: 0.4.2
      hash: 34b99aac2eba9c5016fd02c783117fb2b0381ce14696c7b199265458b99a3271
    - name: wippy/test
      version: 0.4.9
      hash: 31fb7486fae9e47ce33a89782969bfec0a754d13143d2af24ddc46c406717476
replacements:
    - from: wippy/llm
      to: ../../llm/src
