directories:
    modules: .wippy
    src: ..
modules:
    - name: wippy/llm
      version: 0.4.7
      hash: 2e55afcf55c441a8e79e3737691e5721d06138b9a3a46c7fb87199db6a5dd426
    - name: wippy/security
      version: 0.4.2
      hash: 9020016afc9de612f5297d38ce99e8500c63a2986077e8b0e560d8636c506627
    - name: wippy/terminal
      version: 0.4.2
      hash: 34b99aac2eba9c5016fd02c783117fb2b0381ce14696c7b199265458b99a3271
    - name: wippy/test
      version: 0.4.18
      hash: 048d88d2748ec6901fba703ed1317c27f7027650735f653a51d38c07741e1b99
replacements:
    - from: wippy/llm
      to: ../../llm/src
