directories:
    modules: .wippy
    src: ..
modules:
    - name: wippy/terminal
      version: 0.4.2
      hash: 34b99aac2eba9c5016fd02c783117fb2b0381ce14696c7b199265458b99a3271
    - name: wippy/test
      version: 0.4.18
      hash: 048d88d2748ec6901fba703ed1317c27f7027650735f653a51d38c07741e1b99
