directories:
    modules: .wippy
    src: .
modules:
    - name: wippy/terminal
      version: 0.4.6
      hash: aa0c92b85c0dc2c96f00119a7eaa1ced569a2ac8899514d432aef0c910e73e63
    - name: wippy/test
      version: 0.4.19
      hash: db07fbfc350bdcaa3e62f8b0bf1f101781f9fb3ad08a9e3ed37e64bc40812602
